
Microsoft Visual Studio Solution File, Format Version 12.00
# Visual Studio Version 17
VisualStudioVersion = 17.10.35013.160
MinimumVisualStudioVersion = 10.0.40219.1
Project("{FAE04EC0-301F-11D3-BF4B-00C04F79EFBC}") = "App", "App\App.csproj", "{176B1937-3D71-44D5-8537-B9F668670E19}"
EndProject
Global
	GlobalSection(SolutionConfigurationPlatforms) = preSolution
		Debug|Any CPU = Debug|Any CPU
		Release|Any CPU = Release|Any CPU
	EndGlobalSection
	GlobalSection(ProjectConfigurationPlatforms) = postSolution
		{176B1937-3D71-44D5-8537-B9F668670E19}.Debug|Any CPU.ActiveCfg = Debug|Any CPU
		{176B1937-3D71-44D5-8537-B9F668670E19}.Debug|Any CPU.Build.0 = Debug|Any CPU
		{176B1937-3D71-44D5-8537-B9F668670E19}.Release|Any CPU.ActiveCfg = Release|Any CPU
		{176B1937-3D71-44D5-8537-B9F668670E19}.Release|Any CPU.Build.0 = Release|Any CPU
	EndGlobalSection
	GlobalSection(SolutionProperties) = preSolution
		HideSolutionNode = FALSE
	EndGlobalSection
	GlobalSection(ExtensibilityGlobals) = postSolution
		SolutionGuid = {860869E2-50F9-4471-A9FE-9744ED30D55B}
	EndGlobalSection
EndGlobal
